// !$*UTF8*$!
{
	archiveVersion = 1;
	classes = {
	};
	objectVersion = 46;
	objects = {

/* Begin PBXBuildFile section */
		0401A1911DF6F4D40078490C /* LaunchImage-568h@2x.png in Resources */ = {isa = PBXBuildFile; fileRef = 0401A18A1DF6F4D40078490C /* LaunchImage-568h@2x.png */; };
		0401A1921DF6F4D40078490C /* LaunchImage-700-568h@2x.png in Resources */ = {isa = PBXBuildFile; fileRef = 0401A18B1DF6F4D40078490C /* LaunchImage-700-568h@2x.png */; };
		0401A1931DF6F4D40078490C /* LaunchImage-700@2x.png in Resources */ = {isa = PBXBuildFile; fileRef = 0401A18C1DF6F4D40078490C /* LaunchImage-700@2x.png */; };
		0401A1941DF6F4D40078490C /* LaunchImage-800-667h@2x.png in Resources */ = {isa = PBXBuildFile; fileRef = 0401A18D1DF6F4D40078490C /* LaunchImage-800-667h@2x.png */; };
		0401A1951DF6F4D40078490C /* LaunchImage-800-Portrait-736h@3x.png in Resources */ = {isa = PBXBuildFile; fileRef = 0401A18E1DF6F4D40078490C /* LaunchImage-800-Portrait-736h@3x.png */; };
		0401A1961DF6F4D40078490C /* LaunchImage.png in Resources */ = {isa = PBXBuildFile; fileRef = 0401A18F1DF6F4D40078490C /* LaunchImage.png */; };
		0401A1971DF6F4D40078490C /* LaunchImage@2x.png in Resources */ = {isa = PBXBuildFile; fileRef = 0401A1901DF6F4D40078490C /* LaunchImage@2x.png */; };
		0401A1A61DF6FAE60078490C /* LWXAdViewController.m in Sources */ = {isa = PBXBuildFile; fileRef = 0401A1A41DF6FAE60078490C /* LWXAdViewController.m */; };
		0401A1A71DF6FAE60078490C /* LWXAdViewController.xib in Resources */ = {isa = PBXBuildFile; fileRef = 0401A1A51DF6FAE60078490C /* LWXAdViewController.xib */; };
		046994651DF838B6007D15D4 /* AFHTTPSessionManager+LWXManager.m in Sources */ = {isa = PBXBuildFile; fileRef = 046994641DF838B6007D15D4 /* AFHTTPSessionManager+LWXManager.m */; };
		046994681DF8F5C9007D15D4 /* LWXAdModel.m in Sources */ = {isa = PBXBuildFile; fileRef = 046994671DF8F5C9007D15D4 /* LWXAdModel.m */; };
		0485C4CD1DF90B110080FD00 /* NSString+LWXURL.m in Sources */ = {isa = PBXBuildFile; fileRef = 0485C4CC1DF90B110080FD00 /* NSString+LWXURL.m */; };
		0485C4D01DF943EA0080FD00 /* LWXSubTagController.m in Sources */ = {isa = PBXBuildFile; fileRef = 0485C4CF1DF943EA0080FD00 /* LWXSubTagController.m */; };
		0485C4D31DF949060080FD00 /* LWXSubtagModel.m in Sources */ = {isa = PBXBuildFile; fileRef = 0485C4D21DF949060080FD00 /* LWXSubtagModel.m */; };
		04A2E7A81DF505AF0039A8DD /* main.m in Sources */ = {isa = PBXBuildFile; fileRef = 04A2E7A71DF505AF0039A8DD /* main.m */; };
		04A2E7AB1DF505AF0039A8DD /* AppDelegate.m in Sources */ = {isa = PBXBuildFile; fileRef = 04A2E7AA1DF505AF0039A8DD /* AppDelegate.m */; };
		04A2E7B11DF505AF0039A8DD /* Main.storyboard in Resources */ = {isa = PBXBuildFile; fileRef = 04A2E7AF1DF505AF0039A8DD /* Main.storyboard */; };
		04A2E7B31DF505AF0039A8DD /* Assets.xcassets in Resources */ = {isa = PBXBuildFile; fileRef = 04A2E7B21DF505AF0039A8DD /* Assets.xcassets */; };
		04A2E7BE1DF50F300039A8DD /* Images.xcassets in Resources */ = {isa = PBXBuildFile; fileRef = 04A2E7BD1DF50F300039A8DD /* Images.xcassets */; };
		04A2E7DA1DF51B560039A8DD /* LWXEssenceViewController.m in Sources */ = {isa = PBXBuildFile; fileRef = 04A2E7D91DF51B560039A8DD /* LWXEssenceViewController.m */; };
		04A2E7DD1DF51BA50039A8DD /* LWXTabBarController.m in Sources */ = {isa = PBXBuildFile; fileRef = 04A2E7DC1DF51BA50039A8DD /* LWXTabBarController.m */; };
		04A2E7E01DF51BD20039A8DD /* LWXFriendTrendViewController.m in Sources */ = {isa = PBXBuildFile; fileRef = 04A2E7DF1DF51BD20039A8DD /* LWXFriendTrendViewController.m */; };
		04A2E7E31DF51C070039A8DD /* LWXMineViewController.m in Sources */ = {isa = PBXBuildFile; fileRef = 04A2E7E21DF51C070039A8DD /* LWXMineViewController.m */; };
		04A2E7E61DF51C2D0039A8DD /* LWXNewViewController.m in Sources */ = {isa = PBXBuildFile; fileRef = 04A2E7E51DF51C2D0039A8DD /* LWXNewViewController.m */; };
		04A2E7E91DF51CA90039A8DD /* LWXPublishViewController.m in Sources */ = {isa = PBXBuildFile; fileRef = 04A2E7E81DF51CA90039A8DD /* LWXPublishViewController.m */; };
		04CF1B791DF54B42009A3936 /* UIImage+LWXRender.m in Sources */ = {isa = PBXBuildFile; fileRef = 04CF1B781DF54B42009A3936 /* UIImage+LWXRender.m */; };
		04CF1B7C1DF555C9009A3936 /* UITabBarItem+LWXFont.m in Sources */ = {isa = PBXBuildFile; fileRef = 04CF1B7B1DF555C9009A3936 /* UITabBarItem+LWXFont.m */; };
		04CF1B821DF589D4009A3936 /* UIBarButtonItem+LWXitem.m in Sources */ = {isa = PBXBuildFile; fileRef = 04CF1B811DF589D4009A3936 /* UIBarButtonItem+LWXitem.m */; };
		04CF1B8A1DF592A8009A3936 /* LWXSettingController.m in Sources */ = {isa = PBXBuildFile; fileRef = 04CF1B891DF592A8009A3936 /* LWXSettingController.m */; };
		04CF1B8D1DF59762009A3936 /* UIView+frame.m in Sources */ = {isa = PBXBuildFile; fileRef = 04CF1B8C1DF59762009A3936 /* UIView+frame.m */; };
		04CF1B901DF597E8009A3936 /* LWXNaVViewController.m in Sources */ = {isa = PBXBuildFile; fileRef = 04CF1B8F1DF597E8009A3936 /* LWXNaVViewController.m */; };
		04CF1B931DF5A01A009A3936 /* LWXNavBar.m in Sources */ = {isa = PBXBuildFile; fileRef = 04CF1B921DF5A01A009A3936 /* LWXNavBar.m */; };
		04CF1B961DF5A04A009A3936 /* LWXBackView.m in Sources */ = {isa = PBXBuildFile; fileRef = 04CF1B951DF5A04A009A3936 /* LWXBackView.m */; };
		743915D4ED9EE3ABAE8D9E66 /* libPods-baisi.a in Frameworks */ = {isa = PBXBuildFile; fileRef = 8BD887546FB5043EE9DF1A50 /* libPods-baisi.a */; };
/* End PBXBuildFile section */

/* Begin PBXFileReference section */
		0401A18A1DF6F4D40078490C /* LaunchImage-568h@2x.png */ = {isa = PBXFileReference; lastKnownFileType = image.png; path = "LaunchImage-568h@2x.png"; sourceTree = "<group>"; };
		0401A18B1DF6F4D40078490C /* LaunchImage-700-568h@2x.png */ = {isa = PBXFileReference; lastKnownFileType = image.png; path = "LaunchImage-700-568h@2x.png"; sourceTree = "<group>"; };
		0401A18C1DF6F4D40078490C /* LaunchImage-700@2x.png */ = {isa = PBXFileReference; lastKnownFileType = image.png; path = "LaunchImage-700@2x.png"; sourceTree = "<group>"; };
		0401A18D1DF6F4D40078490C /* LaunchImage-800-667h@2x.png */ = {isa = PBXFileReference; lastKnownFileType = image.png; path = "LaunchImage-800-667h@2x.png"; sourceTree = "<group>"; };
		0401A18E1DF6F4D40078490C /* LaunchImage-800-Portrait-736h@3x.png */ = {isa = PBXFileReference; lastKnownFileType = image.png; path = "LaunchImage-800-Portrait-736h@3x.png"; sourceTree = "<group>"; };
		0401A18F1DF6F4D40078490C /* LaunchImage.png */ = {isa = PBXFileReference; lastKnownFileType = image.png; path = LaunchImage.png; sourceTree = "<group>"; };
		0401A1901DF6F4D40078490C /* LaunchImage@2x.png */ = {isa = PBXFileReference; lastKnownFileType = image.png; path = "LaunchImage@2x.png"; sourceTree = "<group>"; };
		0401A1A31DF6FAE60078490C /* LWXAdViewController.h */ = {isa = PBXFileReference; fileEncoding = 4; lastKnownFileType = sourcecode.c.h; path = LWXAdViewController.h; sourceTree = "<group>"; };
		0401A1A41DF6FAE60078490C /* LWXAdViewController.m */ = {isa = PBXFileReference; fileEncoding = 4; lastKnownFileType = sourcecode.c.objc; path = LWXAdViewController.m; sourceTree = "<group>"; };
		0401A1A51DF6FAE60078490C /* LWXAdViewController.xib */ = {isa = PBXFileReference; fileEncoding = 4; lastKnownFileType = file.xib; path = LWXAdViewController.xib; sourceTree = "<group>"; };
		046994631DF838B6007D15D4 /* AFHTTPSessionManager+LWXManager.h */ = {isa = PBXFileReference; fileEncoding = 4; lastKnownFileType = sourcecode.c.h; path = "AFHTTPSessionManager+LWXManager.h"; sourceTree = "<group>"; };
		046994641DF838B6007D15D4 /* AFHTTPSessionManager+LWXManager.m */ = {isa = PBXFileReference; fileEncoding = 4; lastKnownFileType = sourcecode.c.objc; path = "AFHTTPSessionManager+LWXManager.m"; sourceTree = "<group>"; };
		046994661DF8F5C9007D15D4 /* LWXAdModel.h */ = {isa = PBXFileReference; fileEncoding = 4; lastKnownFileType = sourcecode.c.h; path = LWXAdModel.h; sourceTree = "<group>"; };
		046994671DF8F5C9007D15D4 /* LWXAdModel.m */ = {isa = PBXFileReference; fileEncoding = 4; lastKnownFileType = sourcecode.c.objc; path = LWXAdModel.m; sourceTree = "<group>"; };
		0485C4CB1DF90B110080FD00 /* NSString+LWXURL.h */ = {isa = PBXFileReference; fileEncoding = 4; lastKnownFileType = sourcecode.c.h; path = "NSString+LWXURL.h"; sourceTree = "<group>"; };
		0485C4CC1DF90B110080FD00 /* NSString+LWXURL.m */ = {isa = PBXFileReference; fileEncoding = 4; lastKnownFileType = sourcecode.c.objc; path = "NSString+LWXURL.m"; sourceTree = "<group>"; };
		0485C4CE1DF943EA0080FD00 /* LWXSubTagController.h */ = {isa = PBXFileReference; fileEncoding = 4; lastKnownFileType = sourcecode.c.h; path = LWXSubTagController.h; sourceTree = "<group>"; };
		0485C4CF1DF943EA0080FD00 /* LWXSubTagController.m */ = {isa = PBXFileReference; fileEncoding = 4; lastKnownFileType = sourcecode.c.objc; path = LWXSubTagController.m; sourceTree = "<group>"; };
		0485C4D11DF949060080FD00 /* LWXSubtagModel.h */ = {isa = PBXFileReference; fileEncoding = 4; lastKnownFileType = sourcecode.c.h; path = LWXSubtagModel.h; sourceTree = "<group>"; };
		0485C4D21DF949060080FD00 /* LWXSubtagModel.m */ = {isa = PBXFileReference; fileEncoding = 4; lastKnownFileType = sourcecode.c.objc; path = LWXSubtagModel.m; sourceTree = "<group>"; };
		04A2E7A31DF505AF0039A8DD /* baisi.app */ = {isa = PBXFileReference; explicitFileType = wrapper.application; includeInIndex = 0; path = baisi.app; sourceTree = BUILT_PRODUCTS_DIR; };
		04A2E7A71DF505AF0039A8DD /* main.m */ = {isa = PBXFileReference; lastKnownFileType = sourcecode.c.objc; path = main.m; sourceTree = "<group>"; };
		04A2E7A91DF505AF0039A8DD /* AppDelegate.h */ = {isa = PBXFileReference; lastKnownFileType = sourcecode.c.h; path = AppDelegate.h; sourceTree = "<group>"; };
		04A2E7AA1DF505AF0039A8DD /* AppDelegate.m */ = {isa = PBXFileReference; lastKnownFileType = sourcecode.c.objc; path = AppDelegate.m; sourceTree = "<group>"; };
		04A2E7B01DF505AF0039A8DD /* Base */ = {isa = PBXFileReference; lastKnownFileType = file.storyboard; name = Base; path = Base.lproj/Main.storyboard; sourceTree = "<group>"; };
		04A2E7B21DF505AF0039A8DD /* Assets.xcassets */ = {isa = PBXFileReference; lastKnownFileType = folder.assetcatalog; path = Assets.xcassets; sourceTree = "<group>"; };
		04A2E7B71DF505AF0039A8DD /* Info.plist */ = {isa = PBXFileReference; lastKnownFileType = text.plist.xml; path = Info.plist; sourceTree = "<group>"; };
		04A2E7BD1DF50F300039A8DD /* Images.xcassets */ = {isa = PBXFileReference; lastKnownFileType = folder.assetcatalog; path = Images.xcassets; sourceTree = "<group>"; };
		04A2E7D81DF51B560039A8DD /* LWXEssenceViewController.h */ = {isa = PBXFileReference; fileEncoding = 4; lastKnownFileType = sourcecode.c.h; name = LWXEssenceViewController.h; path = "../../FriendTreends(关注)/Controller/LWXEssenceViewController.h"; sourceTree = "<group>"; };
		04A2E7D91DF51B560039A8DD /* LWXEssenceViewController.m */ = {isa = PBXFileReference; fileEncoding = 4; lastKnownFileType = sourcecode.c.objc; name = LWXEssenceViewController.m; path = "../../FriendTreends(关注)/Controller/LWXEssenceViewController.m"; sourceTree = "<group>"; };
		04A2E7DB1DF51BA50039A8DD /* LWXTabBarController.h */ = {isa = PBXFileReference; fileEncoding = 4; lastKnownFileType = sourcecode.c.h; path = LWXTabBarController.h; sourceTree = "<group>"; };
		04A2E7DC1DF51BA50039A8DD /* LWXTabBarController.m */ = {isa = PBXFileReference; fileEncoding = 4; lastKnownFileType = sourcecode.c.objc; path = LWXTabBarController.m; sourceTree = "<group>"; };
		04A2E7DE1DF51BD20039A8DD /* LWXFriendTrendViewController.h */ = {isa = PBXFileReference; fileEncoding = 4; lastKnownFileType = sourcecode.c.h; name = LWXFriendTrendViewController.h; path = ../LWXFriendTrendViewController.h; sourceTree = "<group>"; };
		04A2E7DF1DF51BD20039A8DD /* LWXFriendTrendViewController.m */ = {isa = PBXFileReference; fileEncoding = 4; lastKnownFileType = sourcecode.c.objc; name = LWXFriendTrendViewController.m; path = ../LWXFriendTrendViewController.m; sourceTree = "<group>"; };
		04A2E7E11DF51C070039A8DD /* LWXMineViewController.h */ = {isa = PBXFileReference; fileEncoding = 4; lastKnownFileType = sourcecode.c.h; path = LWXMineViewController.h; sourceTree = "<group>"; };
		04A2E7E21DF51C070039A8DD /* LWXMineViewController.m */ = {isa = PBXFileReference; fileEncoding = 4; lastKnownFileType = sourcecode.c.objc; path = LWXMineViewController.m; sourceTree = "<group>"; };
		04A2E7E41DF51C2D0039A8DD /* LWXNewViewController.h */ = {isa = PBXFileReference; fileEncoding = 4; lastKnownFileType = sourcecode.c.h; path = LWXNewViewController.h; sourceTree = "<group>"; };
		04A2E7E51DF51C2D0039A8DD /* LWXNewViewController.m */ = {isa = PBXFileReference; fileEncoding = 4; lastKnownFileType = sourcecode.c.objc; path = LWXNewViewController.m; sourceTree = "<group>"; };
		04A2E7E71DF51CA90039A8DD /* LWXPublishViewController.h */ = {isa = PBXFileReference; fileEncoding = 4; lastKnownFileType = sourcecode.c.h; path = LWXPublishViewController.h; sourceTree = "<group>"; };
		04A2E7E81DF51CA90039A8DD /* LWXPublishViewController.m */ = {isa = PBXFileReference; fileEncoding = 4; lastKnownFileType = sourcecode.c.objc; path = LWXPublishViewController.m; sourceTree = "<group>"; };
		04CF1B771DF54B42009A3936 /* UIImage+LWXRender.h */ = {isa = PBXFileReference; fileEncoding = 4; lastKnownFileType = sourcecode.c.h; path = "UIImage+LWXRender.h"; sourceTree = "<group>"; };
		04CF1B781DF54B42009A3936 /* UIImage+LWXRender.m */ = {isa = PBXFileReference; fileEncoding = 4; lastKnownFileType = sourcecode.c.objc; path = "UIImage+LWXRender.m"; sourceTree = "<group>"; };
		04CF1B7A1DF555C9009A3936 /* UITabBarItem+LWXFont.h */ = {isa = PBXFileReference; fileEncoding = 4; lastKnownFileType = sourcecode.c.h; path = "UITabBarItem+LWXFont.h"; sourceTree = "<group>"; };
		04CF1B7B1DF555C9009A3936 /* UITabBarItem+LWXFont.m */ = {isa = PBXFileReference; fileEncoding = 4; lastKnownFileType = sourcecode.c.objc; path = "UITabBarItem+LWXFont.m"; sourceTree = "<group>"; };
		04CF1B801DF589D4009A3936 /* UIBarButtonItem+LWXitem.h */ = {isa = PBXFileReference; fileEncoding = 4; lastKnownFileType = sourcecode.c.h; path = "UIBarButtonItem+LWXitem.h"; sourceTree = "<group>"; };
		04CF1B811DF589D4009A3936 /* UIBarButtonItem+LWXitem.m */ = {isa = PBXFileReference; fileEncoding = 4; lastKnownFileType = sourcecode.c.objc; path = "UIBarButtonItem+LWXitem.m"; sourceTree = "<group>"; };
		04CF1B831DF58F4E009A3936 /* baisi.pch */ = {isa = PBXFileReference; lastKnownFileType = sourcecode.c.h; path = baisi.pch; sourceTree = "<group>"; };
		04CF1B881DF592A8009A3936 /* LWXSettingController.h */ = {isa = PBXFileReference; fileEncoding = 4; lastKnownFileType = sourcecode.c.h; path = LWXSettingController.h; sourceTree = "<group>"; };
		04CF1B891DF592A8009A3936 /* LWXSettingController.m */ = {isa = PBXFileReference; fileEncoding = 4; lastKnownFileType = sourcecode.c.objc; path = LWXSettingController.m; sourceTree = "<group>"; };
		04CF1B8B1DF59762009A3936 /* UIView+frame.h */ = {isa = PBXFileReference; fileEncoding = 4; lastKnownFileType = sourcecode.c.h; path = "UIView+frame.h"; sourceTree = "<group>"; };
		04CF1B8C1DF59762009A3936 /* UIView+frame.m */ = {isa = PBXFileReference; fileEncoding = 4; lastKnownFileType = sourcecode.c.objc; path = "UIView+frame.m"; sourceTree = "<group>"; };
		04CF1B8E1DF597E8009A3936 /* LWXNaVViewController.h */ = {isa = PBXFileReference; fileEncoding = 4; lastKnownFileType = sourcecode.c.h; path = LWXNaVViewController.h; sourceTree = "<group>"; };
		04CF1B8F1DF597E8009A3936 /* LWXNaVViewController.m */ = {isa = PBXFileReference; fileEncoding = 4; lastKnownFileType = sourcecode.c.objc; path = LWXNaVViewController.m; sourceTree = "<group>"; };
		04CF1B911DF5A01A009A3936 /* LWXNavBar.h */ = {isa = PBXFileReference; fileEncoding = 4; lastKnownFileType = sourcecode.c.h; path = LWXNavBar.h; sourceTree = "<group>"; };
		04CF1B921DF5A01A009A3936 /* LWXNavBar.m */ = {isa = PBXFileReference; fileEncoding = 4; lastKnownFileType = sourcecode.c.objc; path = LWXNavBar.m; sourceTree = "<group>"; };
		04CF1B941DF5A04A009A3936 /* LWXBackView.h */ = {isa = PBXFileReference; fileEncoding = 4; lastKnownFileType = sourcecode.c.h; path = LWXBackView.h; sourceTree = "<group>"; };
		04CF1B951DF5A04A009A3936 /* LWXBackView.m */ = {isa = PBXFileReference; fileEncoding = 4; lastKnownFileType = sourcecode.c.objc; path = LWXBackView.m; sourceTree = "<group>"; };
		8BD887546FB5043EE9DF1A50 /* libPods-baisi.a */ = {isa = PBXFileReference; explicitFileType = archive.ar; includeInIndex = 0; path = "libPods-baisi.a"; sourceTree = BUILT_PRODUCTS_DIR; };
		C1920C044149334E4E513C68 /* Pods-baisi.release.xcconfig */ = {isa = PBXFileReference; includeInIndex = 1; lastKnownFileType = text.xcconfig; name = "Pods-baisi.release.xcconfig"; path = "Pods/Target Support Files/Pods-baisi/Pods-baisi.release.xcconfig"; sourceTree = "<group>"; };
		C8DEA9AB44E0BB6C5913C993 /* Pods-baisi.debug.xcconfig */ = {isa = PBXFileReference; includeInIndex = 1; lastKnownFileType = text.xcconfig; name = "Pods-baisi.debug.xcconfig"; path = "Pods/Target Support Files/Pods-baisi/Pods-baisi.debug.xcconfig"; sourceTree = "<group>"; };
/* End PBXFileReference section */

/* Begin PBXFrameworksBuildPhase section */
		04A2E7A01DF505AF0039A8DD /* Frameworks */ = {
			isa = PBXFrameworksBuildPhase;
			buildActionMask = 2147483647;
			files = (
				743915D4ED9EE3ABAE8D9E66 /* libPods-baisi.a in Frameworks */,
			);
			runOnlyForDeploymentPostprocessing = 0;
		};
/* End PBXFrameworksBuildPhase section */

/* Begin PBXGroup section */
		0401A1891DF6F4D40078490C /* 启动图片 */ = {
			isa = PBXGroup;
			children = (
				0401A18A1DF6F4D40078490C /* LaunchImage-568h@2x.png */,
				0401A18B1DF6F4D40078490C /* LaunchImage-700-568h@2x.png */,
				0401A18C1DF6F4D40078490C /* LaunchImage-700@2x.png */,
				0401A18D1DF6F4D40078490C /* LaunchImage-800-667h@2x.png */,
				0401A18E1DF6F4D40078490C /* LaunchImage-800-Portrait-736h@3x.png */,
				0401A18F1DF6F4D40078490C /* LaunchImage.png */,
				0401A1901DF6F4D40078490C /* LaunchImage@2x.png */,
			);
			path = "启动图片";
			sourceTree = "<group>";
		};
		0401A1981DF6F5FD0078490C /* Ad(广告) */ = {
			isa = PBXGroup;
			children = (
				0401A1991DF6F5FD0078490C /* Controller */,
				0401A19D1DF6F5FD0078490C /* Model */,
				0401A19E1DF6F5FD0078490C /* View */,
			);
			path = "Ad(广告)";
			sourceTree = "<group>";
		};
		0401A1991DF6F5FD0078490C /* Controller */ = {
			isa = PBXGroup;
			children = (
				0401A1A31DF6FAE60078490C /* LWXAdViewController.h */,
				0401A1A41DF6FAE60078490C /* LWXAdViewController.m */,
				0401A1A51DF6FAE60078490C /* LWXAdViewController.xib */,
			);
			path = Controller;
			sourceTree = "<group>";
		};
		0401A19D1DF6F5FD0078490C /* Model */ = {
			isa = PBXGroup;
			children = (
				046994661DF8F5C9007D15D4 /* LWXAdModel.h */,
				046994671DF8F5C9007D15D4 /* LWXAdModel.m */,
			);
			path = Model;
			sourceTree = "<group>";
		};
		0401A19E1DF6F5FD0078490C /* View */ = {
			isa = PBXGroup;
			children = (
			);
			path = View;
			sourceTree = "<group>";
		};
		04A2E79A1DF505AF0039A8DD = {
			isa = PBXGroup;
			children = (
				04A2E7A51DF505AF0039A8DD /* baisi */,
				04A2E7A41DF505AF0039A8DD /* Products */,
				CA772ED617DBF0CBB730EF9B /* Pods */,
				4457AD9D4011455271A96B4B /* Frameworks */,
			);
			sourceTree = "<group>";
		};
		04A2E7A41DF505AF0039A8DD /* Products */ = {
			isa = PBXGroup;
			children = (
				04A2E7A31DF505AF0039A8DD /* baisi.app */,
			);
			name = Products;
			sourceTree = "<group>";
		};
		04A2E7A51DF505AF0039A8DD /* baisi */ = {
			isa = PBXGroup;
			children = (
				04A2E7BF1DF51ABF0039A8DD /* BaiSi */,
				04A2E7A91DF505AF0039A8DD /* AppDelegate.h */,
				04A2E7AA1DF505AF0039A8DD /* AppDelegate.m */,
				04CF1B831DF58F4E009A3936 /* baisi.pch */,
				04A2E7AF1DF505AF0039A8DD /* Main.storyboard */,
				04A2E7B21DF505AF0039A8DD /* Assets.xcassets */,
				04A2E7B71DF505AF0039A8DD /* Info.plist */,
				04A2E7BD1DF50F300039A8DD /* Images.xcassets */,
				04A2E7A61DF505AF0039A8DD /* Supporting Files */,
			);
			path = baisi;
			sourceTree = "<group>";
		};
		04A2E7A61DF505AF0039A8DD /* Supporting Files */ = {
			isa = PBXGroup;
			children = (
				0401A1891DF6F4D40078490C /* 启动图片 */,
				04A2E7A71DF505AF0039A8DD /* main.m */,
			);
			name = "Supporting Files";
			sourceTree = "<group>";
		};
		04A2E7BF1DF51ABF0039A8DD /* BaiSi */ = {
			isa = PBXGroup;
			children = (
				0401A1981DF6F5FD0078490C /* Ad(广告) */,
				04CF1B751DF54A7B009A3936 /* Other */,
				04A2E7C81DF51ABF0039A8DD /* Main */,
				04A2E7C01DF51ABF0039A8DD /* Essence(精华) */,
				04A2E7C41DF51ABF0039A8DD /* FriendTreends(关注) */,
				04A2E7CC1DF51ABF0039A8DD /* Mine(我的) */,
				04A2E7D01DF51ABF0039A8DD /* New(新帖) */,
				04A2E7D41DF51ABF0039A8DD /* Publish(发布) */,
				04CF1B841DF59262009A3936 /* Setting(设置) */,
			);
			path = BaiSi;
			sourceTree = "<group>";
		};
		04A2E7C01DF51ABF0039A8DD /* Essence(精华) */ = {
			isa = PBXGroup;
			children = (
				04A2E7C11DF51ABF0039A8DD /* Controller */,
				04A2E7C21DF51ABF0039A8DD /* Model */,
				04A2E7C31DF51ABF0039A8DD /* View */,
			);
			path = "Essence(精华)";
			sourceTree = "<group>";
		};
		04A2E7C11DF51ABF0039A8DD /* Controller */ = {
			isa = PBXGroup;
			children = (
				04A2E7D81DF51B560039A8DD /* LWXEssenceViewController.h */,
				04A2E7D91DF51B560039A8DD /* LWXEssenceViewController.m */,
			);
			path = Controller;
			sourceTree = "<group>";
		};
		04A2E7C21DF51ABF0039A8DD /* Model */ = {
			isa = PBXGroup;
			children = (
			);
			path = Model;
			sourceTree = "<group>";
		};
		04A2E7C31DF51ABF0039A8DD /* View */ = {
			isa = PBXGroup;
			children = (
			);
			path = View;
			sourceTree = "<group>";
		};
		04A2E7C41DF51ABF0039A8DD /* FriendTreends(关注) */ = {
			isa = PBXGroup;
			children = (
				04A2E7C51DF51ABF0039A8DD /* Controller */,
				04A2E7C61DF51ABF0039A8DD /* Model */,
				04A2E7C71DF51ABF0039A8DD /* View */,
			);
			path = "FriendTreends(关注)";
			sourceTree = "<group>";
		};
		04A2E7C51DF51ABF0039A8DD /* Controller */ = {
			isa = PBXGroup;
			children = (
				04A2E7DE1DF51BD20039A8DD /* LWXFriendTrendViewController.h */,
				04A2E7DF1DF51BD20039A8DD /* LWXFriendTrendViewController.m */,
			);
			path = Controller;
			sourceTree = "<group>";
		};
		04A2E7C61DF51ABF0039A8DD /* Model */ = {
			isa = PBXGroup;
			children = (
			);
			path = Model;
			sourceTree = "<group>";
		};
		04A2E7C71DF51ABF0039A8DD /* View */ = {
			isa = PBXGroup;
			children = (
			);
			path = View;
			sourceTree = "<group>";
		};
		04A2E7C81DF51ABF0039A8DD /* Main */ = {
			isa = PBXGroup;
			children = (
				04A2E7C91DF51ABF0039A8DD /* Controller */,
				04A2E7CA1DF51ABF0039A8DD /* Model */,
				04A2E7CB1DF51ABF0039A8DD /* View */,
			);
			path = Main;
			sourceTree = "<group>";
		};
		04A2E7C91DF51ABF0039A8DD /* Controller */ = {
			isa = PBXGroup;
			children = (
				04A2E7DB1DF51BA50039A8DD /* LWXTabBarController.h */,
				04A2E7DC1DF51BA50039A8DD /* LWXTabBarController.m */,
				04CF1B8E1DF597E8009A3936 /* LWXNaVViewController.h */,
				04CF1B8F1DF597E8009A3936 /* LWXNaVViewController.m */,
			);
			path = Controller;
			sourceTree = "<group>";
		};
		04A2E7CA1DF51ABF0039A8DD /* Model */ = {
			isa = PBXGroup;
			children = (
			);
			path = Model;
			sourceTree = "<group>";
		};
		04A2E7CB1DF51ABF0039A8DD /* View */ = {
			isa = PBXGroup;
			children = (
				04CF1B911DF5A01A009A3936 /* LWXNavBar.h */,
				04CF1B921DF5A01A009A3936 /* LWXNavBar.m */,
				04CF1B941DF5A04A009A3936 /* LWXBackView.h */,
				04CF1B951DF5A04A009A3936 /* LWXBackView.m */,
			);
			path = View;
			sourceTree = "<group>";
		};
		04A2E7CC1DF51ABF0039A8DD /* Mine(我的) */ = {
			isa = PBXGroup;
			children = (
				04A2E7CD1DF51ABF0039A8DD /* Controller */,
				04A2E7CE1DF51ABF0039A8DD /* Model */,
				04A2E7CF1DF51ABF0039A8DD /* View */,
			);
			path = "Mine(我的)";
			sourceTree = "<group>";
		};
		04A2E7CD1DF51ABF0039A8DD /* Controller */ = {
			isa = PBXGroup;
			children = (
				04A2E7E11DF51C070039A8DD /* LWXMineViewController.h */,
				04A2E7E21DF51C070039A8DD /* LWXMineViewController.m */,
			);
			path = Controller;
			sourceTree = "<group>";
		};
		04A2E7CE1DF51ABF0039A8DD /* Model */ = {
			isa = PBXGroup;
			children = (
			);
			path = Model;
			sourceTree = "<group>";
		};
		04A2E7CF1DF51ABF0039A8DD /* View */ = {
			isa = PBXGroup;
			children = (
			);
			path = View;
			sourceTree = "<group>";
		};
		04A2E7D01DF51ABF0039A8DD /* New(新帖) */ = {
			isa = PBXGroup;
			children = (
				04A2E7D11DF51ABF0039A8DD /* Controller */,
				04A2E7D21DF51ABF0039A8DD /* Model */,
				04A2E7D31DF51ABF0039A8DD /* View */,
			);
			path = "New(新帖)";
			sourceTree = "<group>";
		};
		04A2E7D11DF51ABF0039A8DD /* Controller */ = {
			isa = PBXGroup;
			children = (
				04A2E7E41DF51C2D0039A8DD /* LWXNewViewController.h */,
				04A2E7E51DF51C2D0039A8DD /* LWXNewViewController.m */,
				0485C4CE1DF943EA0080FD00 /* LWXSubTagController.h */,
				0485C4CF1DF943EA0080FD00 /* LWXSubTagController.m */,
			);
			path = Controller;
			sourceTree = "<group>";
		};
		04A2E7D21DF51ABF0039A8DD /* Model */ = {
			isa = PBXGroup;
			children = (
				0485C4D11DF949060080FD00 /* LWXSubtagModel.h */,
				0485C4D21DF949060080FD00 /* LWXSubtagModel.m */,
			);
			path = Model;
			sourceTree = "<group>";
		};
		04A2E7D31DF51ABF0039A8DD /* View */ = {
			isa = PBXGroup;
			children = (
			);
			path = View;
			sourceTree = "<group>";
		};
		04A2E7D41DF51ABF0039A8DD /* Publish(发布) */ = {
			isa = PBXGroup;
			children = (
				04A2E7D51DF51ABF0039A8DD /* Controller */,
				04A2E7D61DF51ABF0039A8DD /* Model */,
				04A2E7D71DF51ABF0039A8DD /* View */,
			);
			path = "Publish(发布)";
			sourceTree = "<group>";
		};
		04A2E7D51DF51ABF0039A8DD /* Controller */ = {
			isa = PBXGroup;
			children = (
				04A2E7E71DF51CA90039A8DD /* LWXPublishViewController.h */,
				04A2E7E81DF51CA90039A8DD /* LWXPublishViewController.m */,
			);
			path = Controller;
			sourceTree = "<group>";
		};
		04A2E7D61DF51ABF0039A8DD /* Model */ = {
			isa = PBXGroup;
			children = (
			);
			path = Model;
			sourceTree = "<group>";
		};
		04A2E7D71DF51ABF0039A8DD /* View */ = {
			isa = PBXGroup;
			children = (
			);
			path = View;
			sourceTree = "<group>";
		};
		04CF1B751DF54A7B009A3936 /* Other */ = {
			isa = PBXGroup;
			children = (
				04CF1B761DF54A7B009A3936 /* Category */,
			);
			path = Other;
			sourceTree = "<group>";
		};
		04CF1B761DF54A7B009A3936 /* Category */ = {
			isa = PBXGroup;
			children = (
				04CF1B771DF54B42009A3936 /* UIImage+LWXRender.h */,
				04CF1B781DF54B42009A3936 /* UIImage+LWXRender.m */,
				04CF1B7A1DF555C9009A3936 /* UITabBarItem+LWXFont.h */,
				04CF1B7B1DF555C9009A3936 /* UITabBarItem+LWXFont.m */,
				04CF1B801DF589D4009A3936 /* UIBarButtonItem+LWXitem.h */,
				04CF1B811DF589D4009A3936 /* UIBarButtonItem+LWXitem.m */,
				04CF1B8B1DF59762009A3936 /* UIView+frame.h */,
				04CF1B8C1DF59762009A3936 /* UIView+frame.m */,
				046994631DF838B6007D15D4 /* AFHTTPSessionManager+LWXManager.h */,
				046994641DF838B6007D15D4 /* AFHTTPSessionManager+LWXManager.m */,
				0485C4CB1DF90B110080FD00 /* NSString+LWXURL.h */,
				0485C4CC1DF90B110080FD00 /* NSString+LWXURL.m */,
			);
			path = Category;
			sourceTree = "<group>";
		};
		04CF1B841DF59262009A3936 /* Setting(设置) */ = {
			isa = PBXGroup;
			children = (
				04CF1B851DF59262009A3936 /* Controller */,
				04CF1B861DF59262009A3936 /* Model */,
				04CF1B871DF59262009A3936 /* View */,
			);
			path = "Setting(设置)";
			sourceTree = "<group>";
		};
		04CF1B851DF59262009A3936 /* Controller */ = {
			isa = PBXGroup;
			children = (
				04CF1B881DF592A8009A3936 /* LWXSettingController.h */,
				04CF1B891DF592A8009A3936 /* LWXSettingController.m */,
			);
			path = Controller;
			sourceTree = "<group>";
		};
		04CF1B861DF59262009A3936 /* Model */ = {
			isa = PBXGroup;
			children = (
			);
			path = Model;
			sourceTree = "<group>";
		};
		04CF1B871DF59262009A3936 /* View */ = {
			isa = PBXGroup;
			children = (
			);
			path = View;
			sourceTree = "<group>";
		};
		4457AD9D4011455271A96B4B /* Frameworks */ = {
			isa = PBXGroup;
			children = (
				8BD887546FB5043EE9DF1A50 /* libPods-baisi.a */,
			);
			name = Frameworks;
			sourceTree = "<group>";
		};
		CA772ED617DBF0CBB730EF9B /* Pods */ = {
			isa = PBXGroup;
			children = (
				C8DEA9AB44E0BB6C5913C993 /* Pods-baisi.debug.xcconfig */,
				C1920C044149334E4E513C68 /* Pods-baisi.release.xcconfig */,
			);
			name = Pods;
			sourceTree = "<group>";
		};
/* End PBXGroup section */

/* Begin PBXNativeTarget section */
		04A2E7A21DF505AF0039A8DD /* baisi */ = {
			isa = PBXNativeTarget;
			buildConfigurationList = 04A2E7BA1DF505AF0039A8DD /* Build configuration list for PBXNativeTarget "baisi" */;
			buildPhases = (
				C819C10FDDF76C923C20C282 /* [CP] Check Pods Manifest.lock */,
				04A2E79F1DF505AF0039A8DD /* Sources */,
				04A2E7A01DF505AF0039A8DD /* Frameworks */,
				04A2E7A11DF505AF0039A8DD /* Resources */,
				21A8F55294FFCD51853F65E2 /* [CP] Embed Pods Frameworks */,
				ACF8B4FFC85EF3F92F216B2F /* [CP] Copy Pods Resources */,
			);
			buildRules = (
			);
			dependencies = (
			);
			name = baisi;
			productName = baisi;
			productReference = 04A2E7A31DF505AF0039A8DD /* baisi.app */;
			productType = "com.apple.product-type.application";
		};
/* End PBXNativeTarget section */

/* Begin PBXProject section */
		04A2E79B1DF505AF0039A8DD /* Project object */ = {
			isa = PBXProject;
			attributes = {
				CLASSPREFIX = LWX;
				LastUpgradeCheck = 0810;
				ORGANIZATIONNAME = gzjbwm;
				TargetAttributes = {
					04A2E7A21DF505AF0039A8DD = {
						CreatedOnToolsVersion = 8.1;
						ProvisioningStyle = Automatic;
					};
				};
			};
			buildConfigurationList = 04A2E79E1DF505AF0039A8DD /* Build configuration list for PBXProject "baisi" */;
			compatibilityVersion = "Xcode 3.2";
			developmentRegion = English;
			hasScannedForEncodings = 0;
			knownRegions = (
				en,
				Base,
			);
			mainGroup = 04A2E79A1DF505AF0039A8DD;
			productRefGroup = 04A2E7A41DF505AF0039A8DD /* Products */;
			projectDirPath = "";
			projectRoot = "";
			targets = (
				04A2E7A21DF505AF0039A8DD /* baisi */,
			);
		};
/* End PBXProject section */

/* Begin PBXResourcesBuildPhase section */
		04A2E7A11DF505AF0039A8DD /* Resources */ = {
			isa = PBXResourcesBuildPhase;
			buildActionMask = 2147483647;
			files = (
				04A2E7BE1DF50F300039A8DD /* Images.xcassets in Resources */,
				0401A1921DF6F4D40078490C /* LaunchImage-700-568h@2x.png in Resources */,
				0401A1961DF6F4D40078490C /* LaunchImage.png in Resources */,
				04A2E7B31DF505AF0039A8DD /* Assets.xcassets in Resources */,
				0401A1931DF6F4D40078490C /* LaunchImage-700@2x.png in Resources */,
				0401A1951DF6F4D40078490C /* LaunchImage-800-Portrait-736h@3x.png in Resources */,
				0401A1A71DF6FAE60078490C /* LWXAdViewController.xib in Resources */,
				0401A1911DF6F4D40078490C /* LaunchImage-568h@2x.png in Resources */,
				0401A1941DF6F4D40078490C /* LaunchImage-800-667h@2x.png in Resources */,
				04A2E7B11DF505AF0039A8DD /* Main.storyboard in Resources */,
				0401A1971DF6F4D40078490C /* LaunchImage@2x.png in Resources */,
			);
			runOnlyForDeploymentPostprocessing = 0;
		};
/* End PBXResourcesBuildPhase section */

/* Begin PBXShellScriptBuildPhase section */
		21A8F55294FFCD51853F65E2 /* [CP] Embed Pods Frameworks */ = {
			isa = PBXShellScriptBuildPhase;
			buildActionMask = 2147483647;
			files = (
			);
			inputPaths = (
			);
			name = "[CP] Embed Pods Frameworks";
			outputPaths = (
			);
			runOnlyForDeploymentPostprocessing = 0;
			shellPath = /bin/sh;
			shellScript = "\"${SRCROOT}/Pods/Target Support Files/Pods-baisi/Pods-baisi-frameworks.sh\"\n";
			showEnvVarsInLog = 0;
		};
		ACF8B4FFC85EF3F92F216B2F /* [CP] Copy Pods Resources */ = {
			isa = PBXShellScriptBuildPhase;
			buildActionMask = 2147483647;
			files = (
			);
			inputPaths = (
			);
			name = "[CP] Copy Pods Resources";
			outputPaths = (
			);
			runOnlyForDeploymentPostprocessing = 0;
			shellPath = /bin/sh;
			shellScript = "\"${SRCROOT}/Pods/Target Support Files/Pods-baisi/Pods-baisi-resources.sh\"\n";
			showEnvVarsInLog = 0;
		};
		C819C10FDDF76C923C20C282 /* [CP] Check Pods Manifest.lock */ = {
			isa = PBXShellScriptBuildPhase;
			buildActionMask = 2147483647;
			files = (
			);
			inputPaths = (
			);
			name = "[CP] Check Pods Manifest.lock";
			outputPaths = (
			);
			runOnlyForDeploymentPostprocessing = 0;
			shellPath = /bin/sh;
			shellScript = "diff \"${PODS_ROOT}/../Podfile.lock\" \"${PODS_ROOT}/Manifest.lock\" > /dev/null\nif [ $? != 0 ] ; then\n    # print error to STDERR\n    echo \"error: The sandbox is not in sync with the Podfile.lock. Run 'pod install' or update your CocoaPods installation.\" >&2\n    exit 1\nfi\n";
			showEnvVarsInLog = 0;
		};
/* End PBXShellScriptBuildPhase section */

/* Begin PBXSourcesBuildPhase section */
		04A2E79F1DF505AF0039A8DD /* Sources */ = {
			isa = PBXSourcesBuildPhase;
			buildActionMask = 2147483647;
			files = (
				04CF1B961DF5A04A009A3936 /* LWXBackView.m in Sources */,
				04CF1B791DF54B42009A3936 /* UIImage+LWXRender.m in Sources */,
				046994681DF8F5C9007D15D4 /* LWXAdModel.m in Sources */,
				04CF1B7C1DF555C9009A3936 /* UITabBarItem+LWXFont.m in Sources */,
				04A2E7E61DF51C2D0039A8DD /* LWXNewViewController.m in Sources */,
				0485C4CD1DF90B110080FD00 /* NSString+LWXURL.m in Sources */,
				04A2E7AB1DF505AF0039A8DD /* AppDelegate.m in Sources */,
				04A2E7E01DF51BD20039A8DD /* LWXFriendTrendViewController.m in Sources */,
				046994651DF838B6007D15D4 /* AFHTTPSessionManager+LWXManager.m in Sources */,
				04A2E7DA1DF51B560039A8DD /* LWXEssenceViewController.m in Sources */,
				04CF1B931DF5A01A009A3936 /* LWXNavBar.m in Sources */,
				04CF1B901DF597E8009A3936 /* LWXNaVViewController.m in Sources */,
				0401A1A61DF6FAE60078490C /* LWXAdViewController.m in Sources */,
				0485C4D31DF949060080FD00 /* LWXSubtagModel.m in Sources */,
				04CF1B8A1DF592A8009A3936 /* LWXSettingController.m in Sources */,
				04A2E7A81DF505AF0039A8DD /* main.m in Sources */,
				0485C4D01DF943EA0080FD00 /* LWXSubTagController.m in Sources */,
				04CF1B821DF589D4009A3936 /* UIBarButtonItem+LWXitem.m in Sources */,
				04A2E7DD1DF51BA50039A8DD /* LWXTabBarController.m in Sources */,
				04CF1B8D1DF59762009A3936 /* UIView+frame.m in Sources */,
				04A2E7E91DF51CA90039A8DD /* LWXPublishViewController.m in Sources */,
				04A2E7E31DF51C070039A8DD /* LWXMineViewController.m in Sources */,
			);
			runOnlyForDeploymentPostprocessing = 0;
		};
/* End PBXSourcesBuildPhase section */

/* Begin PBXVariantGroup section */
		04A2E7AF1DF505AF0039A8DD /* Main.storyboard */ = {
			isa = PBXVariantGroup;
			children = (
				04A2E7B01DF505AF0039A8DD /* Base */,
			);
			name = Main.storyboard;
			sourceTree = "<group>";
		};
/* End PBXVariantGroup section */

/* Begin XCBuildConfiguration section */
		04A2E7B81DF505AF0039A8DD /* Debug */ = {
			isa = XCBuildConfiguration;
			buildSettings = {
				ALWAYS_SEARCH_USER_PATHS = NO;
				CLANG_ANALYZER_NONNULL = YES;
				CLANG_CXX_LANGUAGE_STANDARD = "gnu++0x";
				CLANG_CXX_LIBRARY = "libc++";
				CLANG_ENABLE_MODULES = YES;
				CLANG_ENABLE_OBJC_ARC = YES;
				CLANG_WARN_BOOL_CONVERSION = YES;
				CLANG_WARN_CONSTANT_CONVERSION = YES;
				CLANG_WARN_DIRECT_OBJC_ISA_USAGE = YES_ERROR;
				CLANG_WARN_DOCUMENTATION_COMMENTS = YES;
				CLANG_WARN_EMPTY_BODY = YES;
				CLANG_WARN_ENUM_CONVERSION = YES;
				CLANG_WARN_INFINITE_RECURSION = YES;
				CLANG_WARN_INT_CONVERSION = YES;
				CLANG_WARN_OBJC_ROOT_CLASS = YES_ERROR;
				CLANG_WARN_SUSPICIOUS_MOVES = YES;
				CLANG_WARN_UNREACHABLE_CODE = YES;
				CLANG_WARN__DUPLICATE_METHOD_MATCH = YES;
				"CODE_SIGN_IDENTITY[sdk=iphoneos*]" = "iPhone Developer";
				COPY_PHASE_STRIP = NO;
				DEBUG_INFORMATION_FORMAT = dwarf;
				ENABLE_STRICT_OBJC_MSGSEND = YES;
				ENABLE_TESTABILITY = YES;
				GCC_C_LANGUAGE_STANDARD = gnu99;
				GCC_DYNAMIC_NO_PIC = NO;
				GCC_NO_COMMON_BLOCKS = YES;
				GCC_OPTIMIZATION_LEVEL = 0;
				GCC_PREPROCESSOR_DEFINITIONS = (
					"DEBUG=1",
					"$(inherited)",
				);
				GCC_WARN_64_TO_32_BIT_CONVERSION = YES;
				GCC_WARN_ABOUT_RETURN_TYPE = YES_ERROR;
				GCC_WARN_UNDECLARED_SELECTOR = YES;
				GCC_WARN_UNINITIALIZED_AUTOS = YES_AGGRESSIVE;
				GCC_WARN_UNUSED_FUNCTION = YES;
				GCC_WARN_UNUSED_VARIABLE = YES;
				IPHONEOS_DEPLOYMENT_TARGET = 10.1;
				MTL_ENABLE_DEBUG_INFO = YES;
				ONLY_ACTIVE_ARCH = YES;
				SDKROOT = iphoneos;
			};
			name = Debug;
		};
		04A2E7B91DF505AF0039A8DD /* Release */ = {
			isa = XCBuildConfiguration;
			buildSettings = {
				ALWAYS_SEARCH_USER_PATHS = NO;
				CLANG_ANALYZER_NONNULL = YES;
				CLANG_CXX_LANGUAGE_STANDARD = "gnu++0x";
				CLANG_CXX_LIBRARY = "libc++";
				CLANG_ENABLE_MODULES = YES;
				CLANG_ENABLE_OBJC_ARC = YES;
				CLANG_WARN_BOOL_CONVERSION = YES;
				CLANG_WARN_CONSTANT_CONVERSION = YES;
				CLANG_WARN_DIRECT_OBJC_ISA_USAGE = YES_ERROR;
				CLANG_WARN_DOCUMENTATION_COMMENTS = YES;
				CLANG_WARN_EMPTY_BODY = YES;
				CLANG_WARN_ENUM_CONVERSION = YES;
				CLANG_WARN_INFINITE_RECURSION = YES;
				CLANG_WARN_INT_CONVERSION = YES;
				CLANG_WARN_OBJC_ROOT_CLASS = YES_ERROR;
				CLANG_WARN_SUSPICIOUS_MOVES = YES;
				CLANG_WARN_UNREACHABLE_CODE = YES;
				CLANG_WARN__DUPLICATE_METHOD_MATCH = YES;
				"CODE_SIGN_IDENTITY[sdk=iphoneos*]" = "iPhone Developer";
				COPY_PHASE_STRIP = NO;
				DEBUG_INFORMATION_FORMAT = "dwarf-with-dsym";
				ENABLE_NS_ASSERTIONS = NO;
				ENABLE_STRICT_OBJC_MSGSEND = YES;
				GCC_C_LANGUAGE_STANDARD = gnu99;
				GCC_NO_COMMON_BLOCKS = YES;
				GCC_WARN_64_TO_32_BIT_CONVERSION = YES;
				GCC_WARN_ABOUT_RETURN_TYPE = YES_ERROR;
				GCC_WARN_UNDECLARED_SELECTOR = YES;
				GCC_WARN_UNINITIALIZED_AUTOS = YES_AGGRESSIVE;
				GCC_WARN_UNUSED_FUNCTION = YES;
				GCC_WARN_UNUSED_VARIABLE = YES;
				IPHONEOS_DEPLOYMENT_TARGET = 10.1;
				MTL_ENABLE_DEBUG_INFO = NO;
				SDKROOT = iphoneos;
				VALIDATE_PRODUCT = YES;
			};
			name = Release;
		};
		04A2E7BB1DF505AF0039A8DD /* Debug */ = {
			isa = XCBuildConfiguration;
			baseConfigurationReference = C8DEA9AB44E0BB6C5913C993 /* Pods-baisi.debug.xcconfig */;
			buildSettings = {
				ASSETCATALOG_COMPILER_APPICON_NAME = AppIcon;
				ASSETCATALOG_COMPILER_LAUNCHIMAGE_NAME = LaunchImage;
				GCC_PRECOMPILE_PREFIX_HEADER = YES;
				GCC_PREFIX_HEADER = baisi/baisi.pch;
				INFOPLIST_FILE = baisi/Info.plist;
				LD_RUNPATH_SEARCH_PATHS = "$(inherited) @executable_path/Frameworks";
				PRODUCT_BUNDLE_IDENTIFIER = com.gzjbwm.baisi;
				PRODUCT_NAME = "$(TARGET_NAME)";
			};
			name = Debug;
		};
		04A2E7BC1DF505AF0039A8DD /* Release */ = {
			isa = XCBuildConfiguration;
			baseConfigurationReference = C1920C044149334E4E513C68 /* Pods-baisi.release.xcconfig */;
			buildSettings = {
				ASSETCATALOG_COMPILER_APPICON_NAME = AppIcon;
				ASSETCATALOG_COMPILER_LAUNCHIMAGE_NAME = LaunchImage;
				GCC_PRECOMPILE_PREFIX_HEADER = YES;
				GCC_PREFIX_HEADER = baisi/baisi.pch;
				INFOPLIST_FILE = baisi/Info.plist;
				LD_RUNPATH_SEARCH_PATHS = "$(inherited) @executable_path/Frameworks";
				PRODUCT_BUNDLE_IDENTIFIER = com.gzjbwm.baisi;
				PRODUCT_NAME = "$(TARGET_NAME)";
			};
			name = Release;
		};
/* End XCBuildConfiguration section */

/* Begin XCConfigurationList section */
		04A2E79E1DF505AF0039A8DD /* Build configuration list for PBXProject "baisi" */ = {
			isa = XCConfigurationList;
			buildConfigurations = (
				04A2E7B81DF505AF0039A8DD /* Debug */,
				04A2E7B91DF505AF0039A8DD /* Release */,
			);
			defaultConfigurationIsVisible = 0;
			defaultConfigurationName = Release;
		};
		04A2E7BA1DF505AF0039A8DD /* Build configuration list for PBXNativeTarget "baisi" */ = {
			isa = XCConfigurationList;
			buildConfigurations = (
				04A2E7BB1DF505AF0039A8DD /* Debug */,
				04A2E7BC1DF505AF0039A8DD /* Release */,
			);
			defaultConfigurationIsVisible = 0;
			defaultConfigurationName = Release;
		};
/* End XCConfigurationList section */
	};
	rootObject = 04A2E79B1DF505AF0039A8DD /* Project object */;
}
