// !$*UTF8*$!
{
	archiveVersion = 1;
	classes = {
	};
	objectVersion = 46;
	objects = {

/* Begin PBXBuildFile section */
		04A2E7A81DF505AF0039A8DD /* main.m in Sources */ = {isa = PBXBuildFile; fileRef = 04A2E7A71DF505AF0039A8DD /* main.m */; };
		04A2E7AB1DF505AF0039A8DD /* AppDelegate.m in Sources */ = {isa = PBXBuildFile; fileRef = 04A2E7AA1DF505AF0039A8DD /* AppDelegate.m */; };
		04A2E7B11DF505AF0039A8DD /* Main.storyboard in Resources */ = {isa = PBXBuildFile; fileRef = 04A2E7AF1DF505AF0039A8DD /* Main.storyboard */; };
		04A2E7B31DF505AF0039A8DD /* Assets.xcassets in Resources */ = {isa = PBXBuildFile; fileRef = 04A2E7B21DF505AF0039A8DD /* Assets.xcassets */; };
		04A2E7BE1DF50F300039A8DD /* Images.xcassets in Resources */ = {isa = PBXBuildFile; fileRef = 04A2E7BD1DF50F300039A8DD /* Images.xcassets */; };
		04A2E7DA1DF51B560039A8DD /* LWXEssenceViewController.m in Sources */ = {isa = PBXBuildFile; fileRef = 04A2E7D91DF51B560039A8DD /* LWXEssenceViewController.m */; };
		04A2E7DD1DF51BA50039A8DD /* LWXTabBarController.m in Sources */ = {isa = PBXBuildFile; fileRef = 04A2E7DC1DF51BA50039A8DD /* LWXTabBarController.m */; };
		04A2E7E01DF51BD20039A8DD /* LWXFriendTrendViewController.m in Sources */ = {isa = PBXBuildFile; fileRef = 04A2E7DF1DF51BD20039A8DD /* LWXFriendTrendViewController.m */; };
		04A2E7E31DF51C070039A8DD /* LWXMineViewController.m in Sources */ = {isa = PBXBuildFile; fileRef = 04A2E7E21DF51C070039A8DD /* LWXMineViewController.m */; };
		04A2E7E61DF51C2D0039A8DD /* LWXNewViewController.m in Sources */ = {isa = PBXBuildFile; fileRef = 04A2E7E51DF51C2D0039A8DD /* LWXNewViewController.m */; };
		04A2E7E91DF51CA90039A8DD /* LWXPublishViewController.m in Sources */ = {isa = PBXBuildFile; fileRef = 04A2E7E81DF51CA90039A8DD /* LWXPublishViewController.m */; };
		04CF1B791DF54B42009A3936 /* UIImage+LWXRender.m in Sources */ = {isa = PBXBuildFile; fileRef = 04CF1B781DF54B42009A3936 /* UIImage+LWXRender.m */; };
		04CF1B7C1DF555C9009A3936 /* UITabBarItem+LWXFont.m in Sources */ = {isa = PBXBuildFile; fileRef = 04CF1B7B1DF555C9009A3936 /* UITabBarItem+LWXFont.m */; };
/* End PBXBuildFile section */

/* Begin PBXFileReference section */
		04A2E7A31DF505AF0039A8DD /* baisi.app */ = {isa = PBXFileReference; explicitFileType = wrapper.application; includeInIndex = 0; path = baisi.app; sourceTree = BUILT_PRODUCTS_DIR; };
		04A2E7A71DF505AF0039A8DD /* main.m */ = {isa = PBXFileReference; lastKnownFileType = sourcecode.c.objc; path = main.m; sourceTree = "<group>"; };
		04A2E7A91DF505AF0039A8DD /* AppDelegate.h */ = {isa = PBXFileReference; lastKnownFileType = sourcecode.c.h; path = AppDelegate.h; sourceTree = "<group>"; };
		04A2E7AA1DF505AF0039A8DD /* AppDelegate.m */ = {isa = PBXFileReference; lastKnownFileType = sourcecode.c.objc; path = AppDelegate.m; sourceTree = "<group>"; };
		04A2E7B01DF505AF0039A8DD /* Base */ = {isa = PBXFileReference; lastKnownFileType = file.storyboard; name = Base; path = Base.lproj/Main.storyboard; sourceTree = "<group>"; };
		04A2E7B21DF505AF0039A8DD /* Assets.xcassets */ = {isa = PBXFileReference; lastKnownFileType = folder.assetcatalog; path = Assets.xcassets; sourceTree = "<group>"; };
		04A2E7B71DF505AF0039A8DD /* Info.plist */ = {isa = PBXFileReference; lastKnownFileType = text.plist.xml; path = Info.plist; sourceTree = "<group>"; };
		04A2E7BD1DF50F300039A8DD /* Images.xcassets */ = {isa = PBXFileReference; lastKnownFileType = folder.assetcatalog; path = Images.xcassets; sourceTree = "<group>"; };
		04A2E7D81DF51B560039A8DD /* LWXEssenceViewController.h */ = {isa = PBXFileReference; fileEncoding = 4; lastKnownFileType = sourcecode.c.h; name = LWXEssenceViewController.h; path = "../../FriendTreends(关注)/Controller/LWXEssenceViewController.h"; sourceTree = "<group>"; };
		04A2E7D91DF51B560039A8DD /* LWXEssenceViewController.m */ = {isa = PBXFileReference; fileEncoding = 4; lastKnownFileType = sourcecode.c.objc; name = LWXEssenceViewController.m; path = "../../FriendTreends(关注)/Controller/LWXEssenceViewController.m"; sourceTree = "<group>"; };
		04A2E7DB1DF51BA50039A8DD /* LWXTabBarController.h */ = {isa = PBXFileReference; fileEncoding = 4; lastKnownFileType = sourcecode.c.h; path = LWXTabBarController.h; sourceTree = "<group>"; };
		04A2E7DC1DF51BA50039A8DD /* LWXTabBarController.m */ = {isa = PBXFileReference; fileEncoding = 4; lastKnownFileType = sourcecode.c.objc; path = LWXTabBarController.m; sourceTree = "<group>"; };
		04A2E7DE1DF51BD20039A8DD /* LWXFriendTrendViewController.h */ = {isa = PBXFileReference; fileEncoding = 4; lastKnownFileType = sourcecode.c.h; name = LWXFriendTrendViewController.h; path = ../LWXFriendTrendViewController.h; sourceTree = "<group>"; };
		04A2E7DF1DF51BD20039A8DD /* LWXFriendTrendViewController.m */ = {isa = PBXFileReference; fileEncoding = 4; lastKnownFileType = sourcecode.c.objc; name = LWXFriendTrendViewController.m; path = ../LWXFriendTrendViewController.m; sourceTree = "<group>"; };
		04A2E7E11DF51C070039A8DD /* LWXMineViewController.h */ = {isa = PBXFileReference; fileEncoding = 4; lastKnownFileType = sourcecode.c.h; path = LWXMineViewController.h; sourceTree = "<group>"; };
		04A2E7E21DF51C070039A8DD /* LWXMineViewController.m */ = {isa = PBXFileReference; fileEncoding = 4; lastKnownFileType = sourcecode.c.objc; path = LWXMineViewController.m; sourceTree = "<group>"; };
		04A2E7E41DF51C2D0039A8DD /* LWXNewViewController.h */ = {isa = PBXFileReference; fileEncoding = 4; lastKnownFileType = sourcecode.c.h; path = LWXNewViewController.h; sourceTree = "<group>"; };
		04A2E7E51DF51C2D0039A8DD /* LWXNewViewController.m */ = {isa = PBXFileReference; fileEncoding = 4; lastKnownFileType = sourcecode.c.objc; path = LWXNewViewController.m; sourceTree = "<group>"; };
		04A2E7E71DF51CA90039A8DD /* LWXPublishViewController.h */ = {isa = PBXFileReference; fileEncoding = 4; lastKnownFileType = sourcecode.c.h; path = LWXPublishViewController.h; sourceTree = "<group>"; };
		04A2E7E81DF51CA90039A8DD /* LWXPublishViewController.m */ = {isa = PBXFileReference; fileEncoding = 4; lastKnownFileType = sourcecode.c.objc; path = LWXPublishViewController.m; sourceTree = "<group>"; };
		04CF1B771DF54B42009A3936 /* UIImage+LWXRender.h */ = {isa = PBXFileReference; fileEncoding = 4; lastKnownFileType = sourcecode.c.h; path = "UIImage+LWXRender.h"; sourceTree = "<group>"; };
		04CF1B781DF54B42009A3936 /* UIImage+LWXRender.m */ = {isa = PBXFileReference; fileEncoding = 4; lastKnownFileType = sourcecode.c.objc; path = "UIImage+LWXRender.m"; sourceTree = "<group>"; };
		04CF1B7A1DF555C9009A3936 /* UITabBarItem+LWXFont.h */ = {isa = PBXFileReference; fileEncoding = 4; lastKnownFileType = sourcecode.c.h; path = "UITabBarItem+LWXFont.h"; sourceTree = "<group>"; };
		04CF1B7B1DF555C9009A3936 /* UITabBarItem+LWXFont.m */ = {isa = PBXFileReference; fileEncoding = 4; lastKnownFileType = sourcecode.c.objc; path = "UITabBarItem+LWXFont.m"; sourceTree = "<group>"; };
/* End PBXFileReference section */

/* Begin PBXFrameworksBuildPhase section */
		04A2E7A01DF505AF0039A8DD /* Frameworks */ = {
			isa = PBXFrameworksBuildPhase;
			buildActionMask = 2147483647;
			files = (
			);
			runOnlyForDeploymentPostprocessing = 0;
		};
/* End PBXFrameworksBuildPhase section */

/* Begin PBXGroup section */
		04A2E79A1DF505AF0039A8DD = {
			isa = PBXGroup;
			children = (
				04A2E7A51DF505AF0039A8DD /* baisi */,
				04A2E7A41DF505AF0039A8DD /* Products */,
			);
			sourceTree = "<group>";
		};
		04A2E7A41DF505AF0039A8DD /* Products */ = {
			isa = PBXGroup;
			children = (
				04A2E7A31DF505AF0039A8DD /* baisi.app */,
			);
			name = Products;
			sourceTree = "<group>";
		};
		04A2E7A51DF505AF0039A8DD /* baisi */ = {
			isa = PBXGroup;
			children = (
				04A2E7BF1DF51ABF0039A8DD /* BaiSi */,
				04A2E7A91DF505AF0039A8DD /* AppDelegate.h */,
				04A2E7AA1DF505AF0039A8DD /* AppDelegate.m */,
				04A2E7AF1DF505AF0039A8DD /* Main.storyboard */,
				04A2E7B21DF505AF0039A8DD /* Assets.xcassets */,
				04A2E7B71DF505AF0039A8DD /* Info.plist */,
				04A2E7BD1DF50F300039A8DD /* Images.xcassets */,
				04A2E7A61DF505AF0039A8DD /* Supporting Files */,
			);
			path = baisi;
			sourceTree = "<group>";
		};
		04A2E7A61DF505AF0039A8DD /* Supporting Files */ = {
			isa = PBXGroup;
			children = (
				04A2E7A71DF505AF0039A8DD /* main.m */,
			);
			name = "Supporting Files";
			sourceTree = "<group>";
		};
		04A2E7BF1DF51ABF0039A8DD /* BaiSi */ = {
			isa = PBXGroup;
			children = (
				04CF1B751DF54A7B009A3936 /* Other */,
				04A2E7C81DF51ABF0039A8DD /* Main */,
				04A2E7C01DF51ABF0039A8DD /* Essence(精华) */,
				04A2E7C41DF51ABF0039A8DD /* FriendTreends(关注) */,
				04A2E7CC1DF51ABF0039A8DD /* Mine(我的) */,
				04A2E7D01DF51ABF0039A8DD /* New(新帖) */,
				04A2E7D41DF51ABF0039A8DD /* Publish(发布) */,
			);
			path = BaiSi;
			sourceTree = "<group>";
		};
		04A2E7C01DF51ABF0039A8DD /* Essence(精华) */ = {
			isa = PBXGroup;
			children = (
				04A2E7C11DF51ABF0039A8DD /* Controller */,
				04A2E7C21DF51ABF0039A8DD /* Model */,
				04A2E7C31DF51ABF0039A8DD /* View */,
			);
			path = "Essence(精华)";
			sourceTree = "<group>";
		};
		04A2E7C11DF51ABF0039A8DD /* Controller */ = {
			isa = PBXGroup;
			children = (
				04A2E7D81DF51B560039A8DD /* LWXEssenceViewController.h */,
				04A2E7D91DF51B560039A8DD /* LWXEssenceViewController.m */,
			);
			path = Controller;
			sourceTree = "<group>";
		};
		04A2E7C21DF51ABF0039A8DD /* Model */ = {
			isa = PBXGroup;
			children = (
			);
			path = Model;
			sourceTree = "<group>";
		};
		04A2E7C31DF51ABF0039A8DD /* View */ = {
			isa = PBXGroup;
			children = (
			);
			path = View;
			sourceTree = "<group>";
		};
		04A2E7C41DF51ABF0039A8DD /* FriendTreends(关注) */ = {
			isa = PBXGroup;
			children = (
				04A2E7C51DF51ABF0039A8DD /* Controller */,
				04A2E7C61DF51ABF0039A8DD /* Model */,
				04A2E7C71DF51ABF0039A8DD /* View */,
			);
			path = "FriendTreends(关注)";
			sourceTree = "<group>";
		};
		04A2E7C51DF51ABF0039A8DD /* Controller */ = {
			isa = PBXGroup;
			children = (
				04A2E7DE1DF51BD20039A8DD /* LWXFriendTrendViewController.h */,
				04A2E7DF1DF51BD20039A8DD /* LWXFriendTrendViewController.m */,
			);
			path = Controller;
			sourceTree = "<group>";
		};
		04A2E7C61DF51ABF0039A8DD /* Model */ = {
			isa = PBXGroup;
			children = (
			);
			path = Model;
			sourceTree = "<group>";
		};
		04A2E7C71DF51ABF0039A8DD /* View */ = {
			isa = PBXGroup;
			children = (
			);
			path = View;
			sourceTree = "<group>";
		};
		04A2E7C81DF51ABF0039A8DD /* Main */ = {
			isa = PBXGroup;
			children = (
				04A2E7C91DF51ABF0039A8DD /* Controller */,
				04A2E7CA1DF51ABF0039A8DD /* Model */,
				04A2E7CB1DF51ABF0039A8DD /* View */,
			);
			path = Main;
			sourceTree = "<group>";
		};
		04A2E7C91DF51ABF0039A8DD /* Controller */ = {
			isa = PBXGroup;
			children = (
				04A2E7DB1DF51BA50039A8DD /* LWXTabBarController.h */,
				04A2E7DC1DF51BA50039A8DD /* LWXTabBarController.m */,
			);
			path = Controller;
			sourceTree = "<group>";
		};
		04A2E7CA1DF51ABF0039A8DD /* Model */ = {
			isa = PBXGroup;
			children = (
			);
			path = Model;
			sourceTree = "<group>";
		};
		04A2E7CB1DF51ABF0039A8DD /* View */ = {
			isa = PBXGroup;
			children = (
			);
			path = View;
			sourceTree = "<group>";
		};
		04A2E7CC1DF51ABF0039A8DD /* Mine(我的) */ = {
			isa = PBXGroup;
			children = (
				04A2E7CD1DF51ABF0039A8DD /* Controller */,
				04A2E7CE1DF51ABF0039A8DD /* Model */,
				04A2E7CF1DF51ABF0039A8DD /* View */,
			);
			path = "Mine(我的)";
			sourceTree = "<group>";
		};
		04A2E7CD1DF51ABF0039A8DD /* Controller */ = {
			isa = PBXGroup;
			children = (
				04A2E7E11DF51C070039A8DD /* LWXMineViewController.h */,
				04A2E7E21DF51C070039A8DD /* LWXMineViewController.m */,
			);
			path = Controller;
			sourceTree = "<group>";
		};
		04A2E7CE1DF51ABF0039A8DD /* Model */ = {
			isa = PBXGroup;
			children = (
			);
			path = Model;
			sourceTree = "<group>";
		};
		04A2E7CF1DF51ABF0039A8DD /* View */ = {
			isa = PBXGroup;
			children = (
			);
			path = View;
			sourceTree = "<group>";
		};
		04A2E7D01DF51ABF0039A8DD /* New(新帖) */ = {
			isa = PBXGroup;
			children = (
				04A2E7D11DF51ABF0039A8DD /* Controller */,
				04A2E7D21DF51ABF0039A8DD /* Model */,
				04A2E7D31DF51ABF0039A8DD /* View */,
			);
			path = "New(新帖)";
			sourceTree = "<group>";
		};
		04A2E7D11DF51ABF0039A8DD /* Controller */ = {
			isa = PBXGroup;
			children = (
				04A2E7E41DF51C2D0039A8DD /* LWXNewViewController.h */,
				04A2E7E51DF51C2D0039A8DD /* LWXNewViewController.m */,
			);
			path = Controller;
			sourceTree = "<group>";
		};
		04A2E7D21DF51ABF0039A8DD /* Model */ = {
			isa = PBXGroup;
			children = (
			);
			path = Model;
			sourceTree = "<group>";
		};
		04A2E7D31DF51ABF0039A8DD /* View */ = {
			isa = PBXGroup;
			children = (
			);
			path = View;
			sourceTree = "<group>";
		};
		04A2E7D41DF51ABF0039A8DD /* Publish(发布) */ = {
			isa = PBXGroup;
			children = (
				04A2E7D51DF51ABF0039A8DD /* Controller */,
				04A2E7D61DF51ABF0039A8DD /* Model */,
				04A2E7D71DF51ABF0039A8DD /* View */,
			);
			path = "Publish(发布)";
			sourceTree = "<group>";
		};
		04A2E7D51DF51ABF0039A8DD /* Controller */ = {
			isa = PBXGroup;
			children = (
				04A2E7E71DF51CA90039A8DD /* LWXPublishViewController.h */,
				04A2E7E81DF51CA90039A8DD /* LWXPublishViewController.m */,
			);
			path = Controller;
			sourceTree = "<group>";
		};
		04A2E7D61DF51ABF0039A8DD /* Model */ = {
			isa = PBXGroup;
			children = (
			);
			path = Model;
			sourceTree = "<group>";
		};
		04A2E7D71DF51ABF0039A8DD /* View */ = {
			isa = PBXGroup;
			children = (
			);
			path = View;
			sourceTree = "<group>";
		};
		04CF1B751DF54A7B009A3936 /* Other */ = {
			isa = PBXGroup;
			children = (
				04CF1B761DF54A7B009A3936 /* Category */,
			);
			path = Other;
			sourceTree = "<group>";
		};
		04CF1B761DF54A7B009A3936 /* Category */ = {
			isa = PBXGroup;
			children = (
				04CF1B771DF54B42009A3936 /* UIImage+LWXRender.h */,
				04CF1B781DF54B42009A3936 /* UIImage+LWXRender.m */,
				04CF1B7A1DF555C9009A3936 /* UITabBarItem+LWXFont.h */,
				04CF1B7B1DF555C9009A3936 /* UITabBarItem+LWXFont.m */,
			);
			path = Category;
			sourceTree = "<group>";
		};
/* End PBXGroup section */

/* Begin PBXNativeTarget section */
		04A2E7A21DF505AF0039A8DD /* baisi */ = {
			isa = PBXNativeTarget;
			buildConfigurationList = 04A2E7BA1DF505AF0039A8DD /* Build configuration list for PBXNativeTarget "baisi" */;
			buildPhases = (
				04A2E79F1DF505AF0039A8DD /* Sources */,
				04A2E7A01DF505AF0039A8DD /* Frameworks */,
				04A2E7A11DF505AF0039A8DD /* Resources */,
			);
			buildRules = (
			);
			dependencies = (
			);
			name = baisi;
			productName = baisi;
			productReference = 04A2E7A31DF505AF0039A8DD /* baisi.app */;
			productType = "com.apple.product-type.application";
		};
/* End PBXNativeTarget section */

/* Begin PBXProject section */
		04A2E79B1DF505AF0039A8DD /* Project object */ = {
			isa = PBXProject;
			attributes = {
				CLASSPREFIX = LWX;
				LastUpgradeCheck = 0810;
				ORGANIZATIONNAME = gzjbwm;
				TargetAttributes = {
					04A2E7A21DF505AF0039A8DD = {
						CreatedOnToolsVersion = 8.1;
						ProvisioningStyle = Automatic;
					};
				};
			};
			buildConfigurationList = 04A2E79E1DF505AF0039A8DD /* Build configuration list for PBXProject "baisi" */;
			compatibilityVersion = "Xcode 3.2";
			developmentRegion = English;
			hasScannedForEncodings = 0;
			knownRegions = (
				en,
				Base,
			);
			mainGroup = 04A2E79A1DF505AF0039A8DD;
			productRefGroup = 04A2E7A41DF505AF0039A8DD /* Products */;
			projectDirPath = "";
			projectRoot = "";
			targets = (
				04A2E7A21DF505AF0039A8DD /* baisi */,
			);
		};
/* End PBXProject section */

/* Begin PBXResourcesBuildPhase section */
		04A2E7A11DF505AF0039A8DD /* Resources */ = {
			isa = PBXResourcesBuildPhase;
			buildActionMask = 2147483647;
			files = (
				04A2E7BE1DF50F300039A8DD /* Images.xcassets in Resources */,
				04A2E7B31DF505AF0039A8DD /* Assets.xcassets in Resources */,
				04A2E7B11DF505AF0039A8DD /* Main.storyboard in Resources */,
			);
			runOnlyForDeploymentPostprocessing = 0;
		};
/* End PBXResourcesBuildPhase section */

/* Begin PBXSourcesBuildPhase section */
		04A2E79F1DF505AF0039A8DD /* Sources */ = {
			isa = PBXSourcesBuildPhase;
			buildActionMask = 2147483647;
			files = (
				04CF1B791DF54B42009A3936 /* UIImage+LWXRender.m in Sources */,
				04CF1B7C1DF555C9009A3936 /* UITabBarItem+LWXFont.m in Sources */,
				04A2E7E61DF51C2D0039A8DD /* LWXNewViewController.m in Sources */,
				04A2E7AB1DF505AF0039A8DD /* AppDelegate.m in Sources */,
				04A2E7E01DF51BD20039A8DD /* LWXFriendTrendViewController.m in Sources */,
				04A2E7DA1DF51B560039A8DD /* LWXEssenceViewController.m in Sources */,
				04A2E7A81DF505AF0039A8DD /* main.m in Sources */,
				04A2E7DD1DF51BA50039A8DD /* LWXTabBarController.m in Sources */,
				04A2E7E91DF51CA90039A8DD /* LWXPublishViewController.m in Sources */,
				04A2E7E31DF51C070039A8DD /* LWXMineViewController.m in Sources */,
			);
			runOnlyForDeploymentPostprocessing = 0;
		};
/* End PBXSourcesBuildPhase section */

/* Begin PBXVariantGroup section */
		04A2E7AF1DF505AF0039A8DD /* Main.storyboard */ = {
			isa = PBXVariantGroup;
			children = (
				04A2E7B01DF505AF0039A8DD /* Base */,
			);
			name = Main.storyboard;
			sourceTree = "<group>";
		};
/* End PBXVariantGroup section */

/* Begin XCBuildConfiguration section */
		04A2E7B81DF505AF0039A8DD /* Debug */ = {
			isa = XCBuildConfiguration;
			buildSettings = {
				ALWAYS_SEARCH_USER_PATHS = NO;
				CLANG_ANALYZER_NONNULL = YES;
				CLANG_CXX_LANGUAGE_STANDARD = "gnu++0x";
				CLANG_CXX_LIBRARY = "libc++";
				CLANG_ENABLE_MODULES = YES;
				CLANG_ENABLE_OBJC_ARC = YES;
				CLANG_WARN_BOOL_CONVERSION = YES;
				CLANG_WARN_CONSTANT_CONVERSION = YES;
				CLANG_WARN_DIRECT_OBJC_ISA_USAGE = YES_ERROR;
				CLANG_WARN_DOCUMENTATION_COMMENTS = YES;
				CLANG_WARN_EMPTY_BODY = YES;
				CLANG_WARN_ENUM_CONVERSION = YES;
				CLANG_WARN_INFINITE_RECURSION = YES;
				CLANG_WARN_INT_CONVERSION = YES;
				CLANG_WARN_OBJC_ROOT_CLASS = YES_ERROR;
				CLANG_WARN_SUSPICIOUS_MOVES = YES;
				CLANG_WARN_UNREACHABLE_CODE = YES;
				CLANG_WARN__DUPLICATE_METHOD_MATCH = YES;
				"CODE_SIGN_IDENTITY[sdk=iphoneos*]" = "iPhone Developer";
				COPY_PHASE_STRIP = NO;
				DEBUG_INFORMATION_FORMAT = dwarf;
				ENABLE_STRICT_OBJC_MSGSEND = YES;
				ENABLE_TESTABILITY = YES;
				GCC_C_LANGUAGE_STANDARD = gnu99;
				GCC_DYNAMIC_NO_PIC = NO;
				GCC_NO_COMMON_BLOCKS = YES;
				GCC_OPTIMIZATION_LEVEL = 0;
				GCC_PREPROCESSOR_DEFINITIONS = (
					"DEBUG=1",
					"$(inherited)",
				);
				GCC_WARN_64_TO_32_BIT_CONVERSION = YES;
				GCC_WARN_ABOUT_RETURN_TYPE = YES_ERROR;
				GCC_WARN_UNDECLARED_SELECTOR = YES;
				GCC_WARN_UNINITIALIZED_AUTOS = YES_AGGRESSIVE;
				GCC_WARN_UNUSED_FUNCTION = YES;
				GCC_WARN_UNUSED_VARIABLE = YES;
				IPHONEOS_DEPLOYMENT_TARGET = 10.1;
				MTL_ENABLE_DEBUG_INFO = YES;
				ONLY_ACTIVE_ARCH = YES;
				SDKROOT = iphoneos;
			};
			name = Debug;
		};
		04A2E7B91DF505AF0039A8DD /* Release */ = {
			isa = XCBuildConfiguration;
			buildSettings = {
				ALWAYS_SEARCH_USER_PATHS = NO;
				CLANG_ANALYZER_NONNULL = YES;
				CLANG_CXX_LANGUAGE_STANDARD = "gnu++0x";
				CLANG_CXX_LIBRARY = "libc++";
				CLANG_ENABLE_MODULES = YES;
				CLANG_ENABLE_OBJC_ARC = YES;
				CLANG_WARN_BOOL_CONVERSION = YES;
				CLANG_WARN_CONSTANT_CONVERSION = YES;
				CLANG_WARN_DIRECT_OBJC_ISA_USAGE = YES_ERROR;
				CLANG_WARN_DOCUMENTATION_COMMENTS = YES;
				CLANG_WARN_EMPTY_BODY = YES;
				CLANG_WARN_ENUM_CONVERSION = YES;
				CLANG_WARN_INFINITE_RECURSION = YES;
				CLANG_WARN_INT_CONVERSION = YES;
				CLANG_WARN_OBJC_ROOT_CLASS = YES_ERROR;
				CLANG_WARN_SUSPICIOUS_MOVES = YES;
				CLANG_WARN_UNREACHABLE_CODE = YES;
				CLANG_WARN__DUPLICATE_METHOD_MATCH = YES;
				"CODE_SIGN_IDENTITY[sdk=iphoneos*]" = "iPhone Developer";
				COPY_PHASE_STRIP = NO;
				DEBUG_INFORMATION_FORMAT = "dwarf-with-dsym";
				ENABLE_NS_ASSERTIONS = NO;
				ENABLE_STRICT_OBJC_MSGSEND = YES;
				GCC_C_LANGUAGE_STANDARD = gnu99;
				GCC_NO_COMMON_BLOCKS = YES;
				GCC_WARN_64_TO_32_BIT_CONVERSION = YES;
				GCC_WARN_ABOUT_RETURN_TYPE = YES_ERROR;
				GCC_WARN_UNDECLARED_SELECTOR = YES;
				GCC_WARN_UNINITIALIZED_AUTOS = YES_AGGRESSIVE;
				GCC_WARN_UNUSED_FUNCTION = YES;
				GCC_WARN_UNUSED_VARIABLE = YES;
				IPHONEOS_DEPLOYMENT_TARGET = 10.1;
				MTL_ENABLE_DEBUG_INFO = NO;
				SDKROOT = iphoneos;
				VALIDATE_PRODUCT = YES;
			};
			name = Release;
		};
		04A2E7BB1DF505AF0039A8DD /* Debug */ = {
			isa = XCBuildConfiguration;
			buildSettings = {
				ASSETCATALOG_COMPILER_APPICON_NAME = AppIcon;
				ASSETCATALOG_COMPILER_LAUNCHIMAGE_NAME = LaunchImage;
				INFOPLIST_FILE = baisi/Info.plist;
				LD_RUNPATH_SEARCH_PATHS = "$(inherited) @executable_path/Frameworks";
				PRODUCT_BUNDLE_IDENTIFIER = com.gzjbwm.baisi;
				PRODUCT_NAME = "$(TARGET_NAME)";
			};
			name = Debug;
		};
		04A2E7BC1DF505AF0039A8DD /* Release */ = {
			isa = XCBuildConfiguration;
			buildSettings = {
				ASSETCATALOG_COMPILER_APPICON_NAME = AppIcon;
				ASSETCATALOG_COMPILER_LAUNCHIMAGE_NAME = LaunchImage;
				INFOPLIST_FILE = baisi/Info.plist;
				LD_RUNPATH_SEARCH_PATHS = "$(inherited) @executable_path/Frameworks";
				PRODUCT_BUNDLE_IDENTIFIER = com.gzjbwm.baisi;
				PRODUCT_NAME = "$(TARGET_NAME)";
			};
			name = Release;
		};
/* End XCBuildConfiguration section */

/* Begin XCConfigurationList section */
		04A2E79E1DF505AF0039A8DD /* Build configuration list for PBXProject "baisi" */ = {
			isa = XCConfigurationList;
			buildConfigurations = (
				04A2E7B81DF505AF0039A8DD /* Debug */,
				04A2E7B91DF505AF0039A8DD /* Release */,
			);
			defaultConfigurationIsVisible = 0;
			defaultConfigurationName = Release;
		};
		04A2E7BA1DF505AF0039A8DD /* Build configuration list for PBXNativeTarget "baisi" */ = {
			isa = XCConfigurationList;
			buildConfigurations = (
				04A2E7BB1DF505AF0039A8DD /* Debug */,
				04A2E7BC1DF505AF0039A8DD /* Release */,
			);
			defaultConfigurationIsVisible = 0;
			defaultConfigurationName = Release;
		};
/* End XCConfigurationList section */
	};
	rootObject = 04A2E79B1DF505AF0039A8DD /* Project object */;
}
